
Microsoft Visual Studio Solution File, Format Version 12.00
# Visual Studio 14
VisualStudioVersion = 14.0.25420.1
MinimumVisualStudioVersion = 10.0.40219.1
Project("{FAE04EC0-301F-11D3-BF4B-00C04F79EFBC}") = "OwnRadio.Client.Droid", "OwnRadio.Client\OwnRadio.Client.Droid\OwnRadio.Client.Droid.csproj", "{8931FF5C-4B19-4E87-A109-D7A321F61981}"
EndProject
Project("{FAE04EC0-301F-11D3-BF4B-00C04F79EFBC}") = "OwnRadio.Client.iOS", "OwnRadio.Client\OwnRadio.Client.iOS\OwnRadio.Client.iOS.csproj", "{5548A9B1-4C36-43F7-A12D-D4B9C171E575}"
EndProject
Project("{FAE04EC0-301F-11D3-BF4B-00C04F79EFBC}") = "OwnRadio.Client.WinPhone", "OwnRadio.Client\OwnRadio.Client.WinPhone\OwnRadio.Client.WinPhone.csproj", "{919126C9-6ED4-4190-B588-92448776B28E}"
EndProject
Project("{FAE04EC0-301F-11D3-BF4B-00C04F79EFBC}") = "OwnRadio.Client.UWP", "OwnRadio.Client\OwnRadio.Client.UWP\OwnRadio.Client.UWP.csproj", "{1D08FE25-EAF4-4A19-95A0-93B7C6FF1AFE}"
EndProject
Project("{FAE04EC0-301F-11D3-BF4B-00C04F79EFBC}") = "OwnRadio.Client.Windows", "OwnRadio.Client\OwnRadio.Client.Windows\OwnRadio.Client.Windows.csproj", "{BBB74091-12EE-4624-AD0A-A5FB31F5F1D9}"
EndProject
Project("{FAE04EC0-301F-11D3-BF4B-00C04F79EFBC}") = "OwnRadio.Client", "OwnRadio.Client\OwnRadio.Client\OwnRadio.Client.csproj", "{419DF7B2-EAD6-401A-8E48-0BCBBFB30A04}"
EndProject
Global
	GlobalSection(SolutionConfigurationPlatforms) = preSolution
		Ad-Hoc|Any CPU = Ad-Hoc|Any CPU
		Ad-Hoc|ARM = Ad-Hoc|ARM
		Ad-Hoc|iPhone = Ad-Hoc|iPhone
		Ad-Hoc|iPhoneSimulator = Ad-Hoc|iPhoneSimulator
		Ad-Hoc|x64 = Ad-Hoc|x64
		Ad-Hoc|x86 = Ad-Hoc|x86
		AppStore|Any CPU = AppStore|Any CPU
		AppStore|ARM = AppStore|ARM
		AppStore|iPhone = AppStore|iPhone
		AppStore|iPhoneSimulator = AppStore|iPhoneSimulator
		AppStore|x64 = AppStore|x64
		AppStore|x86 = AppStore|x86
		Debug|Any CPU = Debug|Any CPU
		Debug|ARM = Debug|ARM
		Debug|iPhone = Debug|iPhone
		Debug|iPhoneSimulator = Debug|iPhoneSimulator
		Debug|x64 = Debug|x64
		Debug|x86 = Debug|x86
		Release|Any CPU = Release|Any CPU
		Release|ARM = Release|ARM
		Release|iPhone = Release|iPhone
		Release|iPhoneSimulator = Release|iPhoneSimulator
		Release|x64 = Release|x64
		Release|x86 = Release|x86
	EndGlobalSection
	GlobalSection(ProjectConfigurationPlatforms) = postSolution
		{8931FF5C-4B19-4E87-A109-D7A321F61981}.Ad-Hoc|Any CPU.ActiveCfg = Release|Any CPU
		{8931FF5C-4B19-4E87-A109-D7A321F61981}.Ad-Hoc|Any CPU.Build.0 = Release|Any CPU
		{8931FF5C-4B19-4E87-A109-D7A321F61981}.Ad-Hoc|Any CPU.Deploy.0 = Release|Any CPU
		{8931FF5C-4B19-4E87-A109-D7A321F61981}.Ad-Hoc|ARM.ActiveCfg = Release|Any CPU
		{8931FF5C-4B19-4E87-A109-D7A321F61981}.Ad-Hoc|ARM.Build.0 = Release|Any CPU
		{8931FF5C-4B19-4E87-A109-D7A321F61981}.Ad-Hoc|ARM.Deploy.0 = Release|Any CPU
		{8931FF5C-4B19-4E87-A109-D7A321F61981}.Ad-Hoc|iPhone.ActiveCfg = Release|Any CPU
		{8931FF5C-4B19-4E87-A109-D7A321F61981}.Ad-Hoc|iPhone.Build.0 = Release|Any CPU
		{8931FF5C-4B19-4E87-A109-D7A321F61981}.Ad-Hoc|iPhone.Deploy.0 = Release|Any CPU
		{8931FF5C-4B19-4E87-A109-D7A321F61981}.Ad-Hoc|iPhoneSimulator.ActiveCfg = Release|Any CPU
		{8931FF5C-4B19-4E87-A109-D7A321F61981}.Ad-Hoc|iPhoneSimulator.Build.0 = Release|Any CPU
		{8931FF5C-4B19-4E87-A109-D7A321F61981}.Ad-Hoc|iPhoneSimulator.Deploy.0 = Release|Any CPU
		{8931FF5C-4B19-4E87-A109-D7A321F61981}.Ad-Hoc|x64.ActiveCfg = Release|Any CPU
		{8931FF5C-4B19-4E87-A109-D7A321F61981}.Ad-Hoc|x64.Build.0 = Release|Any CPU
		{8931FF5C-4B19-4E87-A109-D7A321F61981}.Ad-Hoc|x64.Deploy.0 = Release|Any CPU
		{8931FF5C-4B19-4E87-A109-D7A321F61981}.Ad-Hoc|x86.ActiveCfg = Release|Any CPU
		{8931FF5C-4B19-4E87-A109-D7A321F61981}.Ad-Hoc|x86.Build.0 = Release|Any CPU
		{8931FF5C-4B19-4E87-A109-D7A321F61981}.Ad-Hoc|x86.Deploy.0 = Release|Any CPU
		{8931FF5C-4B19-4E87-A109-D7A321F61981}.AppStore|Any CPU.ActiveCfg = Release|Any CPU
		{8931FF5C-4B19-4E87-A109-D7A321F61981}.AppStore|Any CPU.Build.0 = Release|Any CPU
		{8931FF5C-4B19-4E87-A109-D7A321F61981}.AppStore|Any CPU.Deploy.0 = Release|Any CPU
		{8931FF5C-4B19-4E87-A109-D7A321F61981}.AppStore|ARM.ActiveCfg = Release|Any CPU
		{8931FF5C-4B19-4E87-A109-D7A321F61981}.AppStore|ARM.Build.0 = Release|Any CPU
		{8931FF5C-4B19-4E87-A109-D7A321F61981}.AppStore|ARM.Deploy.0 = Release|Any CPU
		{8931FF5C-4B19-4E87-A109-D7A321F61981}.AppStore|iPhone.ActiveCfg = Release|Any CPU
		{8931FF5C-4B19-4E87-A109-D7A321F61981}.AppStore|iPhone.Build.0 = Release|Any CPU
		{8931FF5C-4B19-4E87-A109-D7A321F61981}.AppStore|iPhone.Deploy.0 = Release|Any CPU
		{8931FF5C-4B19-4E87-A109-D7A321F61981}.AppStore|iPhoneSimulator.ActiveCfg = Release|Any CPU
		{8931FF5C-4B19-4E87-A109-D7A321F61981}.AppStore|iPhoneSimulator.Build.0 = Release|Any CPU
		{8931FF5C-4B19-4E87-A109-D7A321F61981}.AppStore|iPhoneSimulator.Deploy.0 = Release|Any CPU
		{8931FF5C-4B19-4E87-A109-D7A321F61981}.AppStore|x64.ActiveCfg = Release|Any CPU
		{8931FF5C-4B19-4E87-A109-D7A321F61981}.AppStore|x64.Build.0 = Release|Any CPU
		{8931FF5C-4B19-4E87-A109-D7A321F61981}.AppStore|x64.Deploy.0 = Release|Any CPU
		{8931FF5C-4B19-4E87-A109-D7A321F61981}.AppStore|x86.ActiveCfg = Release|Any CPU
		{8931FF5C-4B19-4E87-A109-D7A321F61981}.AppStore|x86.Build.0 = Release|Any CPU
		{8931FF5C-4B19-4E87-A109-D7A321F61981}.AppStore|x86.Deploy.0 = Release|Any CPU
		{8931FF5C-4B19-4E87-A109-D7A321F61981}.Debug|Any CPU.ActiveCfg = Debug|Any CPU
		{8931FF5C-4B19-4E87-A109-D7A321F61981}.Debug|Any CPU.Build.0 = Debug|Any CPU
		{8931FF5C-4B19-4E87-A109-D7A321F61981}.Debug|Any CPU.Deploy.0 = Debug|Any CPU
		{8931FF5C-4B19-4E87-A109-D7A321F61981}.Debug|ARM.ActiveCfg = Debug|Any CPU
		{8931FF5C-4B19-4E87-A109-D7A321F61981}.Debug|ARM.Build.0 = Debug|Any CPU
		{8931FF5C-4B19-4E87-A109-D7A321F61981}.Debug|ARM.Deploy.0 = Debug|Any CPU
		{8931FF5C-4B19-4E87-A109-D7A321F61981}.Debug|iPhone.ActiveCfg = Debug|Any CPU
		{8931FF5C-4B19-4E87-A109-D7A321F61981}.Debug|iPhone.Build.0 = Debug|Any CPU
		{8931FF5C-4B19-4E87-A109-D7A321F61981}.Debug|iPhone.Deploy.0 = Debug|Any CPU
		{8931FF5C-4B19-4E87-A109-D7A321F61981}.Debug|iPhoneSimulator.ActiveCfg = Debug|Any CPU
		{8931FF5C-4B19-4E87-A109-D7A321F61981}.Debug|iPhoneSimulator.Build.0 = Debug|Any CPU
		{8931FF5C-4B19-4E87-A109-D7A321F61981}.Debug|iPhoneSimulator.Deploy.0 = Debug|Any CPU
		{8931FF5C-4B19-4E87-A109-D7A321F61981}.Debug|x64.ActiveCfg = Debug|Any CPU
		{8931FF5C-4B19-4E87-A109-D7A321F61981}.Debug|x64.Build.0 = Debug|Any CPU
		{8931FF5C-4B19-4E87-A109-D7A321F61981}.Debug|x64.Deploy.0 = Debug|Any CPU
		{8931FF5C-4B19-4E87-A109-D7A321F61981}.Debug|x86.ActiveCfg = Debug|Any CPU
		{8931FF5C-4B19-4E87-A109-D7A321F61981}.Debug|x86.Build.0 = Debug|Any CPU
		{8931FF5C-4B19-4E87-A109-D7A321F61981}.Debug|x86.Deploy.0 = Debug|Any CPU
		{8931FF5C-4B19-4E87-A109-D7A321F61981}.Release|Any CPU.ActiveCfg = Release|Any CPU
		{8931FF5C-4B19-4E87-A109-D7A321F61981}.Release|Any CPU.Build.0 = Release|Any CPU
		{8931FF5C-4B19-4E87-A109-D7A321F61981}.Release|Any CPU.Deploy.0 = Release|Any CPU
		{8931FF5C-4B19-4E87-A109-D7A321F61981}.Release|ARM.ActiveCfg = Release|Any CPU
		{8931FF5C-4B19-4E87-A109-D7A321F61981}.Release|ARM.Build.0 = Release|Any CPU
		{8931FF5C-4B19-4E87-A109-D7A321F61981}.Release|ARM.Deploy.0 = Release|Any CPU
		{8931FF5C-4B19-4E87-A109-D7A321F61981}.Release|iPhone.ActiveCfg = Release|Any CPU
		{8931FF5C-4B19-4E87-A109-D7A321F61981}.Release|iPhone.Build.0 = Release|Any CPU
		{8931FF5C-4B19-4E87-A109-D7A321F61981}.Release|iPhone.Deploy.0 = Release|Any CPU
		{8931FF5C-4B19-4E87-A109-D7A321F61981}.Release|iPhoneSimulator.ActiveCfg = Release|Any CPU
		{8931FF5C-4B19-4E87-A109-D7A321F61981}.Release|iPhoneSimulator.Build.0 = Release|Any CPU
		{8931FF5C-4B19-4E87-A109-D7A321F61981}.Release|iPhoneSimulator.Deploy.0 = Release|Any CPU
		{8931FF5C-4B19-4E87-A109-D7A321F61981}.Release|x64.ActiveCfg = Release|Any CPU
		{8931FF5C-4B19-4E87-A109-D7A321F61981}.Release|x64.Build.0 = Release|Any CPU
		{8931FF5C-4B19-4E87-A109-D7A321F61981}.Release|x64.Deploy.0 = Release|Any CPU
		{8931FF5C-4B19-4E87-A109-D7A321F61981}.Release|x86.ActiveCfg = Release|Any CPU
		{8931FF5C-4B19-4E87-A109-D7A321F61981}.Release|x86.Build.0 = Release|Any CPU
		{8931FF5C-4B19-4E87-A109-D7A321F61981}.Release|x86.Deploy.0 = Release|Any CPU
		{5548A9B1-4C36-43F7-A12D-D4B9C171E575}.Ad-Hoc|Any CPU.ActiveCfg = Ad-Hoc|iPhone
		{5548A9B1-4C36-43F7-A12D-D4B9C171E575}.Ad-Hoc|ARM.ActiveCfg = Ad-Hoc|iPhone
		{5548A9B1-4C36-43F7-A12D-D4B9C171E575}.Ad-Hoc|iPhone.ActiveCfg = Ad-Hoc|iPhone
		{5548A9B1-4C36-43F7-A12D-D4B9C171E575}.Ad-Hoc|iPhone.Build.0 = Ad-Hoc|iPhone
		{5548A9B1-4C36-43F7-A12D-D4B9C171E575}.Ad-Hoc|iPhoneSimulator.ActiveCfg = Ad-Hoc|iPhoneSimulator
		{5548A9B1-4C36-43F7-A12D-D4B9C171E575}.Ad-Hoc|iPhoneSimulator.Build.0 = Ad-Hoc|iPhoneSimulator
		{5548A9B1-4C36-43F7-A12D-D4B9C171E575}.Ad-Hoc|x64.ActiveCfg = Ad-Hoc|iPhone
		{5548A9B1-4C36-43F7-A12D-D4B9C171E575}.Ad-Hoc|x86.ActiveCfg = Ad-Hoc|iPhone
		{5548A9B1-4C36-43F7-A12D-D4B9C171E575}.AppStore|Any CPU.ActiveCfg = AppStore|iPhone
		{5548A9B1-4C36-43F7-A12D-D4B9C171E575}.AppStore|ARM.ActiveCfg = AppStore|iPhone
		{5548A9B1-4C36-43F7-A12D-D4B9C171E575}.AppStore|iPhone.ActiveCfg = AppStore|iPhone
		{5548A9B1-4C36-43F7-A12D-D4B9C171E575}.AppStore|iPhone.Build.0 = AppStore|iPhone
		{5548A9B1-4C36-43F7-A12D-D4B9C171E575}.AppStore|iPhoneSimulator.ActiveCfg = AppStore|iPhoneSimulator
		{5548A9B1-4C36-43F7-A12D-D4B9C171E575}.AppStore|iPhoneSimulator.Build.0 = AppStore|iPhoneSimulator
		{5548A9B1-4C36-43F7-A12D-D4B9C171E575}.AppStore|x64.ActiveCfg = AppStore|iPhone
		{5548A9B1-4C36-43F7-A12D-D4B9C171E575}.AppStore|x86.ActiveCfg = AppStore|iPhone
		{5548A9B1-4C36-43F7-A12D-D4B9C171E575}.Debug|Any CPU.ActiveCfg = Debug|iPhone
		{5548A9B1-4C36-43F7-A12D-D4B9C171E575}.Debug|ARM.ActiveCfg = Debug|iPhone
		{5548A9B1-4C36-43F7-A12D-D4B9C171E575}.Debug|iPhone.ActiveCfg = Debug|iPhone
		{5548A9B1-4C36-43F7-A12D-D4B9C171E575}.Debug|iPhone.Build.0 = Debug|iPhone
		{5548A9B1-4C36-43F7-A12D-D4B9C171E575}.Debug|iPhoneSimulator.ActiveCfg = Debug|iPhoneSimulator
		{5548A9B1-4C36-43F7-A12D-D4B9C171E575}.Debug|iPhoneSimulator.Build.0 = Debug|iPhoneSimulator
		{5548A9B1-4C36-43F7-A12D-D4B9C171E575}.Debug|x64.ActiveCfg = Debug|iPhone
		{5548A9B1-4C36-43F7-A12D-D4B9C171E575}.Debug|x86.ActiveCfg = Debug|iPhone
		{5548A9B1-4C36-43F7-A12D-D4B9C171E575}.Release|Any CPU.ActiveCfg = Release|iPhone
		{5548A9B1-4C36-43F7-A12D-D4B9C171E575}.Release|ARM.ActiveCfg = Release|iPhone
		{5548A9B1-4C36-43F7-A12D-D4B9C171E575}.Release|iPhone.ActiveCfg = Release|iPhone
		{5548A9B1-4C36-43F7-A12D-D4B9C171E575}.Release|iPhone.Build.0 = Release|iPhone
		{5548A9B1-4C36-43F7-A12D-D4B9C171E575}.Release|iPhoneSimulator.ActiveCfg = Release|iPhoneSimulator
		{5548A9B1-4C36-43F7-A12D-D4B9C171E575}.Release|iPhoneSimulator.Build.0 = Release|iPhoneSimulator
		{5548A9B1-4C36-43F7-A12D-D4B9C171E575}.Release|x64.ActiveCfg = Release|iPhone
		{5548A9B1-4C36-43F7-A12D-D4B9C171E575}.Release|x86.ActiveCfg = Release|iPhone
		{919126C9-6ED4-4190-B588-92448776B28E}.Ad-Hoc|Any CPU.ActiveCfg = Release|Any CPU
		{919126C9-6ED4-4190-B588-92448776B28E}.Ad-Hoc|Any CPU.Build.0 = Release|Any CPU
		{919126C9-6ED4-4190-B588-92448776B28E}.Ad-Hoc|Any CPU.Deploy.0 = Release|Any CPU
		{919126C9-6ED4-4190-B588-92448776B28E}.Ad-Hoc|ARM.ActiveCfg = Release|ARM
		{919126C9-6ED4-4190-B588-92448776B28E}.Ad-Hoc|ARM.Build.0 = Release|ARM
		{919126C9-6ED4-4190-B588-92448776B28E}.Ad-Hoc|ARM.Deploy.0 = Release|ARM
		{919126C9-6ED4-4190-B588-92448776B28E}.Ad-Hoc|iPhone.ActiveCfg = Release|Any CPU
		{919126C9-6ED4-4190-B588-92448776B28E}.Ad-Hoc|iPhone.Build.0 = Release|Any CPU
		{919126C9-6ED4-4190-B588-92448776B28E}.Ad-Hoc|iPhone.Deploy.0 = Release|Any CPU
		{919126C9-6ED4-4190-B588-92448776B28E}.Ad-Hoc|iPhoneSimulator.ActiveCfg = Release|Any CPU
		{919126C9-6ED4-4190-B588-92448776B28E}.Ad-Hoc|iPhoneSimulator.Build.0 = Release|Any CPU
		{919126C9-6ED4-4190-B588-92448776B28E}.Ad-Hoc|iPhoneSimulator.Deploy.0 = Release|Any CPU
		{919126C9-6ED4-4190-B588-92448776B28E}.Ad-Hoc|x64.ActiveCfg = Release|Any CPU
		{919126C9-6ED4-4190-B588-92448776B28E}.Ad-Hoc|x64.Build.0 = Release|Any CPU
		{919126C9-6ED4-4190-B588-92448776B28E}.Ad-Hoc|x64.Deploy.0 = Release|Any CPU
		{919126C9-6ED4-4190-B588-92448776B28E}.Ad-Hoc|x86.ActiveCfg = Release|x86
		{919126C9-6ED4-4190-B588-92448776B28E}.Ad-Hoc|x86.Build.0 = Release|x86
		{919126C9-6ED4-4190-B588-92448776B28E}.Ad-Hoc|x86.Deploy.0 = Release|x86
		{919126C9-6ED4-4190-B588-92448776B28E}.AppStore|Any CPU.ActiveCfg = Release|Any CPU
		{919126C9-6ED4-4190-B588-92448776B28E}.AppStore|Any CPU.Build.0 = Release|Any CPU
		{919126C9-6ED4-4190-B588-92448776B28E}.AppStore|Any CPU.Deploy.0 = Release|Any CPU
		{919126C9-6ED4-4190-B588-92448776B28E}.AppStore|ARM.ActiveCfg = Release|ARM
		{919126C9-6ED4-4190-B588-92448776B28E}.AppStore|ARM.Build.0 = Release|ARM
		{919126C9-6ED4-4190-B588-92448776B28E}.AppStore|ARM.Deploy.0 = Release|ARM
		{919126C9-6ED4-4190-B588-92448776B28E}.AppStore|iPhone.ActiveCfg = Release|Any CPU
		{919126C9-6ED4-4190-B588-92448776B28E}.AppStore|iPhone.Build.0 = Release|Any CPU
		{919126C9-6ED4-4190-B588-92448776B28E}.AppStore|iPhone.Deploy.0 = Release|Any CPU
		{919126C9-6ED4-4190-B588-92448776B28E}.AppStore|iPhoneSimulator.ActiveCfg = Release|Any CPU
		{919126C9-6ED4-4190-B588-92448776B28E}.AppStore|iPhoneSimulator.Build.0 = Release|Any CPU
		{919126C9-6ED4-4190-B588-92448776B28E}.AppStore|iPhoneSimulator.Deploy.0 = Release|Any CPU
		{919126C9-6ED4-4190-B588-92448776B28E}.AppStore|x64.ActiveCfg = Release|Any CPU
		{919126C9-6ED4-4190-B588-92448776B28E}.AppStore|x64.Build.0 = Release|Any CPU
		{919126C9-6ED4-4190-B588-92448776B28E}.AppStore|x64.Deploy.0 = Release|Any CPU
		{919126C9-6ED4-4190-B588-92448776B28E}.AppStore|x86.ActiveCfg = Release|x86
		{919126C9-6ED4-4190-B588-92448776B28E}.AppStore|x86.Build.0 = Release|x86
		{919126C9-6ED4-4190-B588-92448776B28E}.AppStore|x86.Deploy.0 = Release|x86
		{919126C9-6ED4-4190-B588-92448776B28E}.Debug|Any CPU.ActiveCfg = Debug|Any CPU
		{919126C9-6ED4-4190-B588-92448776B28E}.Debug|Any CPU.Build.0 = Debug|Any CPU
		{919126C9-6ED4-4190-B588-92448776B28E}.Debug|Any CPU.Deploy.0 = Debug|Any CPU
		{919126C9-6ED4-4190-B588-92448776B28E}.Debug|ARM.ActiveCfg = Debug|ARM
		{919126C9-6ED4-4190-B588-92448776B28E}.Debug|ARM.Build.0 = Debug|ARM
		{919126C9-6ED4-4190-B588-92448776B28E}.Debug|ARM.Deploy.0 = Debug|ARM
		{919126C9-6ED4-4190-B588-92448776B28E}.Debug|iPhone.ActiveCfg = Debug|Any CPU
		{919126C9-6ED4-4190-B588-92448776B28E}.Debug|iPhone.Build.0 = Debug|Any CPU
		{919126C9-6ED4-4190-B588-92448776B28E}.Debug|iPhone.Deploy.0 = Debug|Any CPU
		{919126C9-6ED4-4190-B588-92448776B28E}.Debug|iPhoneSimulator.ActiveCfg = Debug|Any CPU
		{919126C9-6ED4-4190-B588-92448776B28E}.Debug|iPhoneSimulator.Build.0 = Debug|Any CPU
		{919126C9-6ED4-4190-B588-92448776B28E}.Debug|iPhoneSimulator.Deploy.0 = Debug|Any CPU
		{919126C9-6ED4-4190-B588-92448776B28E}.Debug|x64.ActiveCfg = Debug|Any CPU
		{919126C9-6ED4-4190-B588-92448776B28E}.Debug|x64.Build.0 = Debug|Any CPU
		{919126C9-6ED4-4190-B588-92448776B28E}.Debug|x64.Deploy.0 = Debug|Any CPU
		{919126C9-6ED4-4190-B588-92448776B28E}.Debug|x86.ActiveCfg = Debug|x86
		{919126C9-6ED4-4190-B588-92448776B28E}.Debug|x86.Build.0 = Debug|x86
		{919126C9-6ED4-4190-B588-92448776B28E}.Debug|x86.Deploy.0 = Debug|x86
		{919126C9-6ED4-4190-B588-92448776B28E}.Release|Any CPU.ActiveCfg = Release|Any CPU
		{919126C9-6ED4-4190-B588-92448776B28E}.Release|Any CPU.Build.0 = Release|Any CPU
		{919126C9-6ED4-4190-B588-92448776B28E}.Release|Any CPU.Deploy.0 = Release|Any CPU
		{919126C9-6ED4-4190-B588-92448776B28E}.Release|ARM.ActiveCfg = Release|ARM
		{919126C9-6ED4-4190-B588-92448776B28E}.Release|ARM.Build.0 = Release|ARM
		{919126C9-6ED4-4190-B588-92448776B28E}.Release|ARM.Deploy.0 = Release|ARM
		{919126C9-6ED4-4190-B588-92448776B28E}.Release|iPhone.ActiveCfg = Release|Any CPU
		{919126C9-6ED4-4190-B588-92448776B28E}.Release|iPhone.Build.0 = Release|Any CPU
		{919126C9-6ED4-4190-B588-92448776B28E}.Release|iPhone.Deploy.0 = Release|Any CPU
		{919126C9-6ED4-4190-B588-92448776B28E}.Release|iPhoneSimulator.ActiveCfg = Release|Any CPU
		{919126C9-6ED4-4190-B588-92448776B28E}.Release|iPhoneSimulator.Build.0 = Release|Any CPU
		{919126C9-6ED4-4190-B588-92448776B28E}.Release|iPhoneSimulator.Deploy.0 = Release|Any CPU
		{919126C9-6ED4-4190-B588-92448776B28E}.Release|x64.ActiveCfg = Release|Any CPU
		{919126C9-6ED4-4190-B588-92448776B28E}.Release|x64.Build.0 = Release|Any CPU
		{919126C9-6ED4-4190-B588-92448776B28E}.Release|x64.Deploy.0 = Release|Any CPU
		{919126C9-6ED4-4190-B588-92448776B28E}.Release|x86.ActiveCfg = Release|x86
		{919126C9-6ED4-4190-B588-92448776B28E}.Release|x86.Build.0 = Release|x86
		{919126C9-6ED4-4190-B588-92448776B28E}.Release|x86.Deploy.0 = Release|x86
		{1D08FE25-EAF4-4A19-95A0-93B7C6FF1AFE}.Ad-Hoc|Any CPU.ActiveCfg = Release|x86
		{1D08FE25-EAF4-4A19-95A0-93B7C6FF1AFE}.Ad-Hoc|Any CPU.Build.0 = Release|x86
		{1D08FE25-EAF4-4A19-95A0-93B7C6FF1AFE}.Ad-Hoc|Any CPU.Deploy.0 = Release|x86
		{1D08FE25-EAF4-4A19-95A0-93B7C6FF1AFE}.Ad-Hoc|ARM.ActiveCfg = Release|ARM
		{1D08FE25-EAF4-4A19-95A0-93B7C6FF1AFE}.Ad-Hoc|ARM.Build.0 = Release|ARM
		{1D08FE25-EAF4-4A19-95A0-93B7C6FF1AFE}.Ad-Hoc|ARM.Deploy.0 = Release|ARM
		{1D08FE25-EAF4-4A19-95A0-93B7C6FF1AFE}.Ad-Hoc|iPhone.ActiveCfg = Release|x86
		{1D08FE25-EAF4-4A19-95A0-93B7C6FF1AFE}.Ad-Hoc|iPhone.Build.0 = Release|x86
		{1D08FE25-EAF4-4A19-95A0-93B7C6FF1AFE}.Ad-Hoc|iPhone.Deploy.0 = Release|x86
		{1D08FE25-EAF4-4A19-95A0-93B7C6FF1AFE}.Ad-Hoc|iPhoneSimulator.ActiveCfg = Release|x86
		{1D08FE25-EAF4-4A19-95A0-93B7C6FF1AFE}.Ad-Hoc|iPhoneSimulator.Build.0 = Release|x86
		{1D08FE25-EAF4-4A19-95A0-93B7C6FF1AFE}.Ad-Hoc|iPhoneSimulator.Deploy.0 = Release|x86
		{1D08FE25-EAF4-4A19-95A0-93B7C6FF1AFE}.Ad-Hoc|x64.ActiveCfg = Release|x64
		{1D08FE25-EAF4-4A19-95A0-93B7C6FF1AFE}.Ad-Hoc|x64.Build.0 = Release|x64
		{1D08FE25-EAF4-4A19-95A0-93B7C6FF1AFE}.Ad-Hoc|x64.Deploy.0 = Release|x64
		{1D08FE25-EAF4-4A19-95A0-93B7C6FF1AFE}.Ad-Hoc|x86.ActiveCfg = Release|x86
		{1D08FE25-EAF4-4A19-95A0-93B7C6FF1AFE}.Ad-Hoc|x86.Build.0 = Release|x86
		{1D08FE25-EAF4-4A19-95A0-93B7C6FF1AFE}.Ad-Hoc|x86.Deploy.0 = Release|x86
		{1D08FE25-EAF4-4A19-95A0-93B7C6FF1AFE}.AppStore|Any CPU.ActiveCfg = Release|x86
		{1D08FE25-EAF4-4A19-95A0-93B7C6FF1AFE}.AppStore|Any CPU.Build.0 = Release|x86
		{1D08FE25-EAF4-4A19-95A0-93B7C6FF1AFE}.AppStore|Any CPU.Deploy.0 = Release|x86
		{1D08FE25-EAF4-4A19-95A0-93B7C6FF1AFE}.AppStore|ARM.ActiveCfg = Release|ARM
		{1D08FE25-EAF4-4A19-95A0-93B7C6FF1AFE}.AppStore|ARM.Build.0 = Release|ARM
		{1D08FE25-EAF4-4A19-95A0-93B7C6FF1AFE}.AppStore|ARM.Deploy.0 = Release|ARM
		{1D08FE25-EAF4-4A19-95A0-93B7C6FF1AFE}.AppStore|iPhone.ActiveCfg = Release|x86
		{1D08FE25-EAF4-4A19-95A0-93B7C6FF1AFE}.AppStore|iPhone.Build.0 = Release|x86
		{1D08FE25-EAF4-4A19-95A0-93B7C6FF1AFE}.AppStore|iPhone.Deploy.0 = Release|x86
		{1D08FE25-EAF4-4A19-95A0-93B7C6FF1AFE}.AppStore|iPhoneSimulator.ActiveCfg = Release|x86
		{1D08FE25-EAF4-4A19-95A0-93B7C6FF1AFE}.AppStore|iPhoneSimulator.Build.0 = Release|x86
		{1D08FE25-EAF4-4A19-95A0-93B7C6FF1AFE}.AppStore|iPhoneSimulator.Deploy.0 = Release|x86
		{1D08FE25-EAF4-4A19-95A0-93B7C6FF1AFE}.AppStore|x64.ActiveCfg = Release|x64
		{1D08FE25-EAF4-4A19-95A0-93B7C6FF1AFE}.AppStore|x64.Build.0 = Release|x64
		{1D08FE25-EAF4-4A19-95A0-93B7C6FF1AFE}.AppStore|x64.Deploy.0 = Release|x64
		{1D08FE25-EAF4-4A19-95A0-93B7C6FF1AFE}.AppStore|x86.ActiveCfg = Release|x86
		{1D08FE25-EAF4-4A19-95A0-93B7C6FF1AFE}.AppStore|x86.Build.0 = Release|x86
		{1D08FE25-EAF4-4A19-95A0-93B7C6FF1AFE}.AppStore|x86.Deploy.0 = Release|x86
		{1D08FE25-EAF4-4A19-95A0-93B7C6FF1AFE}.Debug|Any CPU.ActiveCfg = Debug|x86
		{1D08FE25-EAF4-4A19-95A0-93B7C6FF1AFE}.Debug|ARM.ActiveCfg = Debug|ARM
		{1D08FE25-EAF4-4A19-95A0-93B7C6FF1AFE}.Debug|ARM.Build.0 = Debug|ARM
		{1D08FE25-EAF4-4A19-95A0-93B7C6FF1AFE}.Debug|ARM.Deploy.0 = Debug|ARM
		{1D08FE25-EAF4-4A19-95A0-93B7C6FF1AFE}.Debug|iPhone.ActiveCfg = Debug|x86
		{1D08FE25-EAF4-4A19-95A0-93B7C6FF1AFE}.Debug|iPhoneSimulator.ActiveCfg = Debug|x86
		{1D08FE25-EAF4-4A19-95A0-93B7C6FF1AFE}.Debug|x64.ActiveCfg = Debug|x64
		{1D08FE25-EAF4-4A19-95A0-93B7C6FF1AFE}.Debug|x64.Build.0 = Debug|x64
		{1D08FE25-EAF4-4A19-95A0-93B7C6FF1AFE}.Debug|x64.Deploy.0 = Debug|x64
		{1D08FE25-EAF4-4A19-95A0-93B7C6FF1AFE}.Debug|x86.ActiveCfg = Debug|x86
		{1D08FE25-EAF4-4A19-95A0-93B7C6FF1AFE}.Debug|x86.Build.0 = Debug|x86
		{1D08FE25-EAF4-4A19-95A0-93B7C6FF1AFE}.Debug|x86.Deploy.0 = Debug|x86
		{1D08FE25-EAF4-4A19-95A0-93B7C6FF1AFE}.Release|Any CPU.ActiveCfg = Release|x86
		{1D08FE25-EAF4-4A19-95A0-93B7C6FF1AFE}.Release|ARM.ActiveCfg = Release|ARM
		{1D08FE25-EAF4-4A19-95A0-93B7C6FF1AFE}.Release|ARM.Build.0 = Release|ARM
		{1D08FE25-EAF4-4A19-95A0-93B7C6FF1AFE}.Release|ARM.Deploy.0 = Release|ARM
		{1D08FE25-EAF4-4A19-95A0-93B7C6FF1AFE}.Release|iPhone.ActiveCfg = Release|x86
		{1D08FE25-EAF4-4A19-95A0-93B7C6FF1AFE}.Release|iPhoneSimulator.ActiveCfg = Release|x86
		{1D08FE25-EAF4-4A19-95A0-93B7C6FF1AFE}.Release|x64.ActiveCfg = Release|x64
		{1D08FE25-EAF4-4A19-95A0-93B7C6FF1AFE}.Release|x64.Build.0 = Release|x64
		{1D08FE25-EAF4-4A19-95A0-93B7C6FF1AFE}.Release|x64.Deploy.0 = Release|x64
		{1D08FE25-EAF4-4A19-95A0-93B7C6FF1AFE}.Release|x86.ActiveCfg = Release|x86
		{1D08FE25-EAF4-4A19-95A0-93B7C6FF1AFE}.Release|x86.Build.0 = Release|x86
		{1D08FE25-EAF4-4A19-95A0-93B7C6FF1AFE}.Release|x86.Deploy.0 = Release|x86
		{BBB74091-12EE-4624-AD0A-A5FB31F5F1D9}.Ad-Hoc|Any CPU.ActiveCfg = Release|Any CPU
		{BBB74091-12EE-4624-AD0A-A5FB31F5F1D9}.Ad-Hoc|Any CPU.Build.0 = Release|Any CPU
		{BBB74091-12EE-4624-AD0A-A5FB31F5F1D9}.Ad-Hoc|Any CPU.Deploy.0 = Release|Any CPU
		{BBB74091-12EE-4624-AD0A-A5FB31F5F1D9}.Ad-Hoc|ARM.ActiveCfg = Release|ARM
		{BBB74091-12EE-4624-AD0A-A5FB31F5F1D9}.Ad-Hoc|ARM.Build.0 = Release|ARM
		{BBB74091-12EE-4624-AD0A-A5FB31F5F1D9}.Ad-Hoc|ARM.Deploy.0 = Release|ARM
		{BBB74091-12EE-4624-AD0A-A5FB31F5F1D9}.Ad-Hoc|iPhone.ActiveCfg = Release|Any CPU
		{BBB74091-12EE-4624-AD0A-A5FB31F5F1D9}.Ad-Hoc|iPhone.Build.0 = Release|Any CPU
		{BBB74091-12EE-4624-AD0A-A5FB31F5F1D9}.Ad-Hoc|iPhone.Deploy.0 = Release|Any CPU
		{BBB74091-12EE-4624-AD0A-A5FB31F5F1D9}.Ad-Hoc|iPhoneSimulator.ActiveCfg = Release|Any CPU
		{BBB74091-12EE-4624-AD0A-A5FB31F5F1D9}.Ad-Hoc|iPhoneSimulator.Build.0 = Release|Any CPU
		{BBB74091-12EE-4624-AD0A-A5FB31F5F1D9}.Ad-Hoc|iPhoneSimulator.Deploy.0 = Release|Any CPU
		{BBB74091-12EE-4624-AD0A-A5FB31F5F1D9}.Ad-Hoc|x64.ActiveCfg = Release|x64
		{BBB74091-12EE-4624-AD0A-A5FB31F5F1D9}.Ad-Hoc|x64.Build.0 = Release|x64
		{BBB74091-12EE-4624-AD0A-A5FB31F5F1D9}.Ad-Hoc|x64.Deploy.0 = Release|x64
		{BBB74091-12EE-4624-AD0A-A5FB31F5F1D9}.Ad-Hoc|x86.ActiveCfg = Release|x86
		{BBB74091-12EE-4624-AD0A-A5FB31F5F1D9}.Ad-Hoc|x86.Build.0 = Release|x86
		{BBB74091-12EE-4624-AD0A-A5FB31F5F1D9}.Ad-Hoc|x86.Deploy.0 = Release|x86
		{BBB74091-12EE-4624-AD0A-A5FB31F5F1D9}.AppStore|Any CPU.ActiveCfg = Release|Any CPU
		{BBB74091-12EE-4624-AD0A-A5FB31F5F1D9}.AppStore|Any CPU.Build.0 = Release|Any CPU
		{BBB74091-12EE-4624-AD0A-A5FB31F5F1D9}.AppStore|Any CPU.Deploy.0 = Release|Any CPU
		{BBB74091-12EE-4624-AD0A-A5FB31F5F1D9}.AppStore|ARM.ActiveCfg = Release|ARM
		{BBB74091-12EE-4624-AD0A-A5FB31F5F1D9}.AppStore|ARM.Build.0 = Release|ARM
		{BBB74091-12EE-4624-AD0A-A5FB31F5F1D9}.AppStore|ARM.Deploy.0 = Release|ARM
		{BBB74091-12EE-4624-AD0A-A5FB31F5F1D9}.AppStore|iPhone.ActiveCfg = Release|Any CPU
		{BBB74091-12EE-4624-AD0A-A5FB31F5F1D9}.AppStore|iPhone.Build.0 = Release|Any CPU
		{BBB74091-12EE-4624-AD0A-A5FB31F5F1D9}.AppStore|iPhone.Deploy.0 = Release|Any CPU
		{BBB74091-12EE-4624-AD0A-A5FB31F5F1D9}.AppStore|iPhoneSimulator.ActiveCfg = Release|Any CPU
		{BBB74091-12EE-4624-AD0A-A5FB31F5F1D9}.AppStore|iPhoneSimulator.Build.0 = Release|Any CPU
		{BBB74091-12EE-4624-AD0A-A5FB31F5F1D9}.AppStore|iPhoneSimulator.Deploy.0 = Release|Any CPU
		{BBB74091-12EE-4624-AD0A-A5FB31F5F1D9}.AppStore|x64.ActiveCfg = Release|x64
		{BBB74091-12EE-4624-AD0A-A5FB31F5F1D9}.AppStore|x64.Build.0 = Release|x64
		{BBB74091-12EE-4624-AD0A-A5FB31F5F1D9}.AppStore|x64.Deploy.0 = Release|x64
		{BBB74091-12EE-4624-AD0A-A5FB31F5F1D9}.AppStore|x86.ActiveCfg = Release|x86
		{BBB74091-12EE-4624-AD0A-A5FB31F5F1D9}.AppStore|x86.Build.0 = Release|x86
		{BBB74091-12EE-4624-AD0A-A5FB31F5F1D9}.AppStore|x86.Deploy.0 = Release|x86
		{BBB74091-12EE-4624-AD0A-A5FB31F5F1D9}.Debug|Any CPU.ActiveCfg = Debug|Any CPU
		{BBB74091-12EE-4624-AD0A-A5FB31F5F1D9}.Debug|Any CPU.Build.0 = Debug|Any CPU
		{BBB74091-12EE-4624-AD0A-A5FB31F5F1D9}.Debug|Any CPU.Deploy.0 = Debug|Any CPU
		{BBB74091-12EE-4624-AD0A-A5FB31F5F1D9}.Debug|ARM.ActiveCfg = Debug|ARM
		{BBB74091-12EE-4624-AD0A-A5FB31F5F1D9}.Debug|ARM.Build.0 = Debug|ARM
		{BBB74091-12EE-4624-AD0A-A5FB31F5F1D9}.Debug|ARM.Deploy.0 = Debug|ARM
		{BBB74091-12EE-4624-AD0A-A5FB31F5F1D9}.Debug|iPhone.ActiveCfg = Debug|Any CPU
		{BBB74091-12EE-4624-AD0A-A5FB31F5F1D9}.Debug|iPhone.Build.0 = Debug|Any CPU
		{BBB74091-12EE-4624-AD0A-A5FB31F5F1D9}.Debug|iPhone.Deploy.0 = Debug|Any CPU
		{BBB74091-12EE-4624-AD0A-A5FB31F5F1D9}.Debug|iPhoneSimulator.ActiveCfg = Debug|Any CPU
		{BBB74091-12EE-4624-AD0A-A5FB31F5F1D9}.Debug|iPhoneSimulator.Build.0 = Debug|Any CPU
		{BBB74091-12EE-4624-AD0A-A5FB31F5F1D9}.Debug|iPhoneSimulator.Deploy.0 = Debug|Any CPU
		{BBB74091-12EE-4624-AD0A-A5FB31F5F1D9}.Debug|x64.ActiveCfg = Debug|x64
		{BBB74091-12EE-4624-AD0A-A5FB31F5F1D9}.Debug|x64.Build.0 = Debug|x64
		{BBB74091-12EE-4624-AD0A-A5FB31F5F1D9}.Debug|x64.Deploy.0 = Debug|x64
		{BBB74091-12EE-4624-AD0A-A5FB31F5F1D9}.Debug|x86.ActiveCfg = Debug|x86
		{BBB74091-12EE-4624-AD0A-A5FB31F5F1D9}.Debug|x86.Build.0 = Debug|x86
		{BBB74091-12EE-4624-AD0A-A5FB31F5F1D9}.Debug|x86.Deploy.0 = Debug|x86
		{BBB74091-12EE-4624-AD0A-A5FB31F5F1D9}.Release|Any CPU.ActiveCfg = Release|Any CPU
		{BBB74091-12EE-4624-AD0A-A5FB31F5F1D9}.Release|Any CPU.Build.0 = Release|Any CPU
		{BBB74091-12EE-4624-AD0A-A5FB31F5F1D9}.Release|Any CPU.Deploy.0 = Release|Any CPU
		{BBB74091-12EE-4624-AD0A-A5FB31F5F1D9}.Release|ARM.ActiveCfg = Release|ARM
		{BBB74091-12EE-4624-AD0A-A5FB31F5F1D9}.Release|ARM.Build.0 = Release|ARM
		{BBB74091-12EE-4624-AD0A-A5FB31F5F1D9}.Release|ARM.Deploy.0 = Release|ARM
		{BBB74091-12EE-4624-AD0A-A5FB31F5F1D9}.Release|iPhone.ActiveCfg = Release|Any CPU
		{BBB74091-12EE-4624-AD0A-A5FB31F5F1D9}.Release|iPhone.Build.0 = Release|Any CPU
		{BBB74091-12EE-4624-AD0A-A5FB31F5F1D9}.Release|iPhone.Deploy.0 = Release|Any CPU
		{BBB74091-12EE-4624-AD0A-A5FB31F5F1D9}.Release|iPhoneSimulator.ActiveCfg = Release|Any CPU
		{BBB74091-12EE-4624-AD0A-A5FB31F5F1D9}.Release|iPhoneSimulator.Build.0 = Release|Any CPU
		{BBB74091-12EE-4624-AD0A-A5FB31F5F1D9}.Release|iPhoneSimulator.Deploy.0 = Release|Any CPU
		{BBB74091-12EE-4624-AD0A-A5FB31F5F1D9}.Release|x64.ActiveCfg = Release|x64
		{BBB74091-12EE-4624-AD0A-A5FB31F5F1D9}.Release|x64.Build.0 = Release|x64
		{BBB74091-12EE-4624-AD0A-A5FB31F5F1D9}.Release|x64.Deploy.0 = Release|x64
		{BBB74091-12EE-4624-AD0A-A5FB31F5F1D9}.Release|x86.ActiveCfg = Release|x86
		{BBB74091-12EE-4624-AD0A-A5FB31F5F1D9}.Release|x86.Build.0 = Release|x86
		{BBB74091-12EE-4624-AD0A-A5FB31F5F1D9}.Release|x86.Deploy.0 = Release|x86
		{419DF7B2-EAD6-401A-8E48-0BCBBFB30A04}.Ad-Hoc|Any CPU.ActiveCfg = Release|Any CPU
		{419DF7B2-EAD6-401A-8E48-0BCBBFB30A04}.Ad-Hoc|Any CPU.Build.0 = Release|Any CPU
		{419DF7B2-EAD6-401A-8E48-0BCBBFB30A04}.Ad-Hoc|ARM.ActiveCfg = Release|Any CPU
		{419DF7B2-EAD6-401A-8E48-0BCBBFB30A04}.Ad-Hoc|ARM.Build.0 = Release|Any CPU
		{419DF7B2-EAD6-401A-8E48-0BCBBFB30A04}.Ad-Hoc|iPhone.ActiveCfg = Release|Any CPU
		{419DF7B2-EAD6-401A-8E48-0BCBBFB30A04}.Ad-Hoc|iPhone.Build.0 = Release|Any CPU
		{419DF7B2-EAD6-401A-8E48-0BCBBFB30A04}.Ad-Hoc|iPhoneSimulator.ActiveCfg = Release|Any CPU
		{419DF7B2-EAD6-401A-8E48-0BCBBFB30A04}.Ad-Hoc|iPhoneSimulator.Build.0 = Release|Any CPU
		{419DF7B2-EAD6-401A-8E48-0BCBBFB30A04}.Ad-Hoc|x64.ActiveCfg = Release|Any CPU
		{419DF7B2-EAD6-401A-8E48-0BCBBFB30A04}.Ad-Hoc|x64.Build.0 = Release|Any CPU
		{419DF7B2-EAD6-401A-8E48-0BCBBFB30A04}.Ad-Hoc|x86.ActiveCfg = Release|Any CPU
		{419DF7B2-EAD6-401A-8E48-0BCBBFB30A04}.Ad-Hoc|x86.Build.0 = Release|Any CPU
		{419DF7B2-EAD6-401A-8E48-0BCBBFB30A04}.AppStore|Any CPU.ActiveCfg = Release|Any CPU
		{419DF7B2-EAD6-401A-8E48-0BCBBFB30A04}.AppStore|Any CPU.Build.0 = Release|Any CPU
		{419DF7B2-EAD6-401A-8E48-0BCBBFB30A04}.AppStore|ARM.ActiveCfg = Release|Any CPU
		{419DF7B2-EAD6-401A-8E48-0BCBBFB30A04}.AppStore|ARM.Build.0 = Release|Any CPU
		{419DF7B2-EAD6-401A-8E48-0BCBBFB30A04}.AppStore|iPhone.ActiveCfg = Release|Any CPU
		{419DF7B2-EAD6-401A-8E48-0BCBBFB30A04}.AppStore|iPhone.Build.0 = Release|Any CPU
		{419DF7B2-EAD6-401A-8E48-0BCBBFB30A04}.AppStore|iPhoneSimulator.ActiveCfg = Release|Any CPU
		{419DF7B2-EAD6-401A-8E48-0BCBBFB30A04}.AppStore|iPhoneSimulator.Build.0 = Release|Any CPU
		{419DF7B2-EAD6-401A-8E48-0BCBBFB30A04}.AppStore|x64.ActiveCfg = Release|Any CPU
		{419DF7B2-EAD6-401A-8E48-0BCBBFB30A04}.AppStore|x64.Build.0 = Release|Any CPU
		{419DF7B2-EAD6-401A-8E48-0BCBBFB30A04}.AppStore|x86.ActiveCfg = Release|Any CPU
		{419DF7B2-EAD6-401A-8E48-0BCBBFB30A04}.AppStore|x86.Build.0 = Release|Any CPU
		{419DF7B2-EAD6-401A-8E48-0BCBBFB30A04}.Debug|Any CPU.ActiveCfg = Debug|Any CPU
		{419DF7B2-EAD6-401A-8E48-0BCBBFB30A04}.Debug|Any CPU.Build.0 = Debug|Any CPU
		{419DF7B2-EAD6-401A-8E48-0BCBBFB30A04}.Debug|ARM.ActiveCfg = Debug|Any CPU
		{419DF7B2-EAD6-401A-8E48-0BCBBFB30A04}.Debug|ARM.Build.0 = Debug|Any CPU
		{419DF7B2-EAD6-401A-8E48-0BCBBFB30A04}.Debug|iPhone.ActiveCfg = Debug|Any CPU
		{419DF7B2-EAD6-401A-8E48-0BCBBFB30A04}.Debug|iPhone.Build.0 = Debug|Any CPU
		{419DF7B2-EAD6-401A-8E48-0BCBBFB30A04}.Debug|iPhoneSimulator.ActiveCfg = Debug|Any CPU
		{419DF7B2-EAD6-401A-8E48-0BCBBFB30A04}.Debug|iPhoneSimulator.Build.0 = Debug|Any CPU
		{419DF7B2-EAD6-401A-8E48-0BCBBFB30A04}.Debug|x64.ActiveCfg = Debug|Any CPU
		{419DF7B2-EAD6-401A-8E48-0BCBBFB30A04}.Debug|x64.Build.0 = Debug|Any CPU
		{419DF7B2-EAD6-401A-8E48-0BCBBFB30A04}.Debug|x86.ActiveCfg = Debug|Any CPU
		{419DF7B2-EAD6-401A-8E48-0BCBBFB30A04}.Debug|x86.Build.0 = Debug|Any CPU
		{419DF7B2-EAD6-401A-8E48-0BCBBFB30A04}.Release|Any CPU.ActiveCfg = Release|Any CPU
		{419DF7B2-EAD6-401A-8E48-0BCBBFB30A04}.Release|Any CPU.Build.0 = Release|Any CPU
		{419DF7B2-EAD6-401A-8E48-0BCBBFB30A04}.Release|ARM.ActiveCfg = Release|Any CPU
		{419DF7B2-EAD6-401A-8E48-0BCBBFB30A04}.Release|ARM.Build.0 = Release|Any CPU
		{419DF7B2-EAD6-401A-8E48-0BCBBFB30A04}.Release|iPhone.ActiveCfg = Release|Any CPU
		{419DF7B2-EAD6-401A-8E48-0BCBBFB30A04}.Release|iPhone.Build.0 = Release|Any CPU
		{419DF7B2-EAD6-401A-8E48-0BCBBFB30A04}.Release|iPhoneSimulator.ActiveCfg = Release|Any CPU
		{419DF7B2-EAD6-401A-8E48-0BCBBFB30A04}.Release|iPhoneSimulator.Build.0 = Release|Any CPU
		{419DF7B2-EAD6-401A-8E48-0BCBBFB30A04}.Release|x64.ActiveCfg = Release|Any CPU
		{419DF7B2-EAD6-401A-8E48-0BCBBFB30A04}.Release|x64.Build.0 = Release|Any CPU
		{419DF7B2-EAD6-401A-8E48-0BCBBFB30A04}.Release|x86.ActiveCfg = Release|Any CPU
		{419DF7B2-EAD6-401A-8E48-0BCBBFB30A04}.Release|x86.Build.0 = Release|Any CPU
	EndGlobalSection
	GlobalSection(SolutionProperties) = preSolution
		HideSolutionNode = FALSE
	EndGlobalSection
EndGlobal
