
Microsoft Visual Studio Solution File, Format Version 12.00
# Visual Studio 14
VisualStudioVersion = 14.0.25420.1
MinimumVisualStudioVersion = 10.0.40219.1
Project("{2150E333-8FDC-42A3-9474-1A3956D46DE8}") = "src", "src", "{C6FFC99D-B913-47FA-8016-D3AB91FC638E}"
EndProject
Project("{2150E333-8FDC-42A3-9474-1A3956D46DE8}") = "Solution Items", "Solution Items", "{F8A3A135-6E1D-43FB-8959-647A82C8B770}"
	ProjectSection(SolutionItems) = preProject
		global.json = global.json
	EndProjectSection
EndProject
Project("{8BB2217D-0F2D-49D1-97BC-3654ED321F3B}") = "OwnRadio.Web.Api", "src\OwnRadio.Web.Api\OwnRadio.Web.Api.xproj", "{24ABA9DB-CA5A-439E-A22E-33157C3F6C8C}"
EndProject
Global
	GlobalSection(SolutionConfigurationPlatforms) = preSolution
		Debug|Any CPU = Debug|Any CPU
		Release|Any CPU = Release|Any CPU
	EndGlobalSection
	GlobalSection(ProjectConfigurationPlatforms) = postSolution
		{24ABA9DB-CA5A-439E-A22E-33157C3F6C8C}.Debug|Any CPU.ActiveCfg = Debug|Any CPU
		{24ABA9DB-CA5A-439E-A22E-33157C3F6C8C}.Debug|Any CPU.Build.0 = Debug|Any CPU
		{24ABA9DB-CA5A-439E-A22E-33157C3F6C8C}.Release|Any CPU.ActiveCfg = Release|Any CPU
		{24ABA9DB-CA5A-439E-A22E-33157C3F6C8C}.Release|Any CPU.Build.0 = Release|Any CPU
	EndGlobalSection
	GlobalSection(SolutionProperties) = preSolution
		HideSolutionNode = FALSE
	EndGlobalSection
	GlobalSection(NestedProjects) = preSolution
		{24ABA9DB-CA5A-439E-A22E-33157C3F6C8C} = {C6FFC99D-B913-47FA-8016-D3AB91FC638E}
	EndGlobalSection
EndGlobal
